# THIS IS AN AUTOGENERATED FILE. DO NOT EDIT THIS FILE DIRECTLY.
# yarn lockfile v1


svelte@^3.31.2:
  version "3.31.2"
  resolved "https://registry.yarnpkg.com/svelte/-/svelte-3.31.2.tgz#d2ddf6cacbb95e4cc3796207510b660a25586324"
  integrity sha512-TxZGrXzX2ggFH3BIKY5fmbeMdJuZrMIMDYPMX6R9255bueuYIuVaBQSLUeY2oD7W4IdeqRZiAVGCjDw2POKBRA==
